
Microsoft Visual Studio Solution File, Format Version 12.00
# Visual Studio Version 17
VisualStudioVersion = 17.9.34728.123
MinimumVisualStudioVersion = 10.0.40219.1
Project("{FAE04EC0-301F-11D3-BF4B-00C04F79EFBC}") = "api_InvoicePortal", "api_InvoicePortal.csproj", "{9CAE860F-FC07-4F51-AC32-00765835E17B}"
EndProject
Global
	GlobalSection(SolutionConfigurationPlatforms) = preSolution
		Debug|Any CPU = Debug|Any CPU
		Release|Any CPU = Release|Any CPU
	EndGlobalSection
	GlobalSection(ProjectConfigurationPlatforms) = postSolution
		{9CAE860F-FC07-4F51-AC32-00765835E17B}.Debug|Any CPU.ActiveCfg = Debug|Any CPU
		{9CAE860F-FC07-4F51-AC32-00765835E17B}.Debug|Any CPU.Build.0 = Debug|Any CPU
		{9CAE860F-FC07-4F51-AC32-00765835E17B}.Release|Any CPU.ActiveCfg = Release|Any CPU
		{9CAE860F-FC07-4F51-AC32-00765835E17B}.Release|Any CPU.Build.0 = Release|Any CPU
	EndGlobalSection
	GlobalSection(SolutionProperties) = preSolution
		HideSolutionNode = FALSE
	EndGlobalSection
	GlobalSection(ExtensibilityGlobals) = postSolution
		SolutionGuid = {4DC5AB5E-61FB-4417-BFD6-2D520149ED76}
	EndGlobalSection
EndGlobal
